
Microsoft Visual Studio Solution File, Format Version 12.00
# Visual Studio Version 17
VisualStudioVersion = 17.1.32407.343
MinimumVisualStudioVersion = 10.0.40219.1
Project("{9A19103F-16F7-4668-BE54-9A1E7A4F7556}") = "CleanArchMvc.Domain", "CleanArchMvc.Domain\CleanArchMvc.Domain.csproj", "{F9277F39-C528-4F94-9261-7E37A528154C}"
EndProject
Project("{9A19103F-16F7-4668-BE54-9A1E7A4F7556}") = "CleanArchMvc.Application", "CleanArchMvc.Application\CleanArchMvc.Application.csproj", "{7DFE7730-73A4-40D9-88AD-BF73466CB15B}"
EndProject
Project("{9A19103F-16F7-4668-BE54-9A1E7A4F7556}") = "CleanArchMvc.Infra.Data", "CleanArchMvc.Infra.Data\CleanArchMvc.Infra.Data.csproj", "{545B1CFB-C7D8-400F-8F11-778C3CC9ECE9}"
EndProject
Project("{9A19103F-16F7-4668-BE54-9A1E7A4F7556}") = "CleanArchMvc.Infra.IoC", "CleanArchMvc.Infra.IoC\CleanArchMvc.Infra.IoC.csproj", "{2FF1CDAF-424F-4519-9B01-ABC572ADFC4B}"
EndProject
Project("{9A19103F-16F7-4668-BE54-9A1E7A4F7556}") = "CleanArchMvc.WebUI", "CleanArchMvc.WebUI\CleanArchMvc.WebUI.csproj", "{FB3BF0C8-A9E4-4B85-B5CC-BDFDE1B3AC4C}"
EndProject
Project("{9A19103F-16F7-4668-BE54-9A1E7A4F7556}") = "CleanArchMvc.Domain.Tests", "CleanArchMvc.Domain.Tests\CleanArchMvc.Domain.Tests.csproj", "{6A2144EC-AB74-447E-867B-A01746521848}"
EndProject
Project("{FAE04EC0-301F-11D3-BF4B-00C04F79EFBC}") = "CleanArchMvc.API", "CleanArchMvc.API\CleanArchMvc.API.csproj", "{3B59A09C-2BA9-4AC6-B88F-549521E7A0EA}"
EndProject
Global
	GlobalSection(SolutionConfigurationPlatforms) = preSolution
		Debug|Any CPU = Debug|Any CPU
		Release|Any CPU = Release|Any CPU
	EndGlobalSection
	GlobalSection(ProjectConfigurationPlatforms) = postSolution
		{F9277F39-C528-4F94-9261-7E37A528154C}.Debug|Any CPU.ActiveCfg = Debug|Any CPU
		{F9277F39-C528-4F94-9261-7E37A528154C}.Debug|Any CPU.Build.0 = Debug|Any CPU
		{F9277F39-C528-4F94-9261-7E37A528154C}.Release|Any CPU.ActiveCfg = Release|Any CPU
		{F9277F39-C528-4F94-9261-7E37A528154C}.Release|Any CPU.Build.0 = Release|Any CPU
		{7DFE7730-73A4-40D9-88AD-BF73466CB15B}.Debug|Any CPU.ActiveCfg = Debug|Any CPU
		{7DFE7730-73A4-40D9-88AD-BF73466CB15B}.Debug|Any CPU.Build.0 = Debug|Any CPU
		{7DFE7730-73A4-40D9-88AD-BF73466CB15B}.Release|Any CPU.ActiveCfg = Release|Any CPU
		{7DFE7730-73A4-40D9-88AD-BF73466CB15B}.Release|Any CPU.Build.0 = Release|Any CPU
		{545B1CFB-C7D8-400F-8F11-778C3CC9ECE9}.Debug|Any CPU.ActiveCfg = Debug|Any CPU
		{545B1CFB-C7D8-400F-8F11-778C3CC9ECE9}.Debug|Any CPU.Build.0 = Debug|Any CPU
		{545B1CFB-C7D8-400F-8F11-778C3CC9ECE9}.Release|Any CPU.ActiveCfg = Release|Any CPU
		{545B1CFB-C7D8-400F-8F11-778C3CC9ECE9}.Release|Any CPU.Build.0 = Release|Any CPU
		{2FF1CDAF-424F-4519-9B01-ABC572ADFC4B}.Debug|Any CPU.ActiveCfg = Debug|Any CPU
		{2FF1CDAF-424F-4519-9B01-ABC572ADFC4B}.Debug|Any CPU.Build.0 = Debug|Any CPU
		{2FF1CDAF-424F-4519-9B01-ABC572ADFC4B}.Release|Any CPU.ActiveCfg = Release|Any CPU
		{2FF1CDAF-424F-4519-9B01-ABC572ADFC4B}.Release|Any CPU.Build.0 = Release|Any CPU
		{FB3BF0C8-A9E4-4B85-B5CC-BDFDE1B3AC4C}.Debug|Any CPU.ActiveCfg = Debug|Any CPU
		{FB3BF0C8-A9E4-4B85-B5CC-BDFDE1B3AC4C}.Debug|Any CPU.Build.0 = Debug|Any CPU
		{FB3BF0C8-A9E4-4B85-B5CC-BDFDE1B3AC4C}.Release|Any CPU.ActiveCfg = Release|Any CPU
		{FB3BF0C8-A9E4-4B85-B5CC-BDFDE1B3AC4C}.Release|Any CPU.Build.0 = Release|Any CPU
		{6A2144EC-AB74-447E-867B-A01746521848}.Debug|Any CPU.ActiveCfg = Debug|Any CPU
		{6A2144EC-AB74-447E-867B-A01746521848}.Debug|Any CPU.Build.0 = Debug|Any CPU
		{6A2144EC-AB74-447E-867B-A01746521848}.Release|Any CPU.ActiveCfg = Release|Any CPU
		{6A2144EC-AB74-447E-867B-A01746521848}.Release|Any CPU.Build.0 = Release|Any CPU
		{3B59A09C-2BA9-4AC6-B88F-549521E7A0EA}.Debug|Any CPU.ActiveCfg = Debug|Any CPU
		{3B59A09C-2BA9-4AC6-B88F-549521E7A0EA}.Debug|Any CPU.Build.0 = Debug|Any CPU
		{3B59A09C-2BA9-4AC6-B88F-549521E7A0EA}.Release|Any CPU.ActiveCfg = Release|Any CPU
		{3B59A09C-2BA9-4AC6-B88F-549521E7A0EA}.Release|Any CPU.Build.0 = Release|Any CPU
	EndGlobalSection
	GlobalSection(SolutionProperties) = preSolution
		HideSolutionNode = FALSE
	EndGlobalSection
	GlobalSection(ExtensibilityGlobals) = postSolution
		SolutionGuid = {54117910-C26C-4E8B-8109-B2C106CAFFB6}
	EndGlobalSection
EndGlobal
